
Microsoft Visual Studio Solution File, Format Version 12.00
# Visual Studio 15
Project("{FAE04EC0-301F-11D3-BF4B-00C04F79EFBC}") = "Assembly-CSharp", "Assembly-CSharp.csproj", "{DBFE46DC-8045-D8B9-2A5D-94A786119824}"
EndProject
Project("{FAE04EC0-301F-11D3-BF4B-00C04F79EFBC}") = "Assembly-CSharp-Editor", "Assembly-CSharp-Editor.csproj", "{FE66D06B-E3A5-949A-8086-BE92EF5A44A8}"
EndProject
Global
	GlobalSection(SolutionConfigurationPlatforms) = preSolution
		Debug|Any CPU = Debug|Any CPU
		Release|Any CPU = Release|Any CPU
	EndGlobalSection
	GlobalSection(ProjectConfigurationPlatforms) = postSolution
		{DBFE46DC-8045-D8B9-2A5D-94A786119824}.Debug|Any CPU.ActiveCfg = Debug|Any CPU
		{DBFE46DC-8045-D8B9-2A5D-94A786119824}.Debug|Any CPU.Build.0 = Debug|Any CPU
		{DBFE46DC-8045-D8B9-2A5D-94A786119824}.Release|Any CPU.ActiveCfg = Release|Any CPU
		{DBFE46DC-8045-D8B9-2A5D-94A786119824}.Release|Any CPU.Build.0 = Release|Any CPU
		{FE66D06B-E3A5-949A-8086-BE92EF5A44A8}.Debug|Any CPU.ActiveCfg = Debug|Any CPU
		{FE66D06B-E3A5-949A-8086-BE92EF5A44A8}.Debug|Any CPU.Build.0 = Debug|Any CPU
		{FE66D06B-E3A5-949A-8086-BE92EF5A44A8}.Release|Any CPU.ActiveCfg = Release|Any CPU
		{FE66D06B-E3A5-949A-8086-BE92EF5A44A8}.Release|Any CPU.Build.0 = Release|Any CPU
	EndGlobalSection
	GlobalSection(SolutionProperties) = preSolution
		HideSolutionNode = FALSE
	EndGlobalSection
EndGlobal
